
Microsoft Visual Studio Solution File, Format Version 12.00
# Visual Studio Version 16
VisualStudioVersion = 16.0.31605.320
MinimumVisualStudioVersion = 10.0.40219.1
Project("{9A19103F-16F7-4668-BE54-9A1E7A4F7556}") = "Codecool.BookDb", "Codecool.BookDb.csproj", "{C4F6370A-680F-472E-BB03-E980790DA6D4}"
EndProject
Global
	GlobalSection(SolutionConfigurationPlatforms) = preSolution
		Debug|Any CPU = Debug|Any CPU
		Release|Any CPU = Release|Any CPU
	EndGlobalSection
	GlobalSection(ProjectConfigurationPlatforms) = postSolution
		{C4F6370A-680F-472E-BB03-E980790DA6D4}.Debug|Any CPU.ActiveCfg = Debug|Any CPU
		{C4F6370A-680F-472E-BB03-E980790DA6D4}.Debug|Any CPU.Build.0 = Debug|Any CPU
		{C4F6370A-680F-472E-BB03-E980790DA6D4}.Release|Any CPU.ActiveCfg = Release|Any CPU
		{C4F6370A-680F-472E-BB03-E980790DA6D4}.Release|Any CPU.Build.0 = Release|Any CPU
	EndGlobalSection
	GlobalSection(SolutionProperties) = preSolution
		HideSolutionNode = FALSE
	EndGlobalSection
	GlobalSection(ExtensibilityGlobals) = postSolution
		SolutionGuid = {3BD95B25-2782-4144-9BE4-42DDE87FE528}
	EndGlobalSection
EndGlobal
